// !$*UTF8*$!
{
	archiveVersion = 1;
	classes = {
	};
	objectVersion = 46;
	objects = {

/* Begin PBXBuildFile section */
		C93831F31DF59C480014548E /* main.c in Sources */ = {isa = PBXBuildFile; fileRef = C93831F21DF59C480014548E /* main.c */; };
		C96D5E561E019CF300C204D1 /* LatticeNode.c in Sources */ = {isa = PBXBuildFile; fileRef = C96D5E541E019CF300C204D1 /* LatticeNode.c */; };
		C96D5E591E019D6B00C204D1 /* SimpleCubicLattice.c in Sources */ = {isa = PBXBuildFile; fileRef = C96D5E571E019D6B00C204D1 /* SimpleCubicLattice.c */; };
		C96D5E5C1E019E1C00C204D1 /* BodyCenteredCubicLattice.c in Sources */ = {isa = PBXBuildFile; fileRef = C96D5E5A1E019E1C00C204D1 /* BodyCenteredCubicLattice.c */; };
		C96D5E5F1E01DD5100C204D1 /* BodyCenteredCubicLatticeRandom.c in Sources */ = {isa = PBXBuildFile; fileRef = C96D5E5D1E01DD5100C204D1 /* BodyCenteredCubicLatticeRandom.c */; };
		C96D5E651E01F18700C204D1 /* statistical_util.c in Sources */ = {isa = PBXBuildFile; fileRef = C96D5E631E01F18700C204D1 /* statistical_util.c */; };
		C96D5E681E01F1F300C204D1 /* metropolis.c in Sources */ = {isa = PBXBuildFile; fileRef = C96D5E661E01F1F300C204D1 /* metropolis.c */; };
/* End PBXBuildFile section */

/* Begin PBXCopyFilesBuildPhase section */
		C93831ED1DF59C480014548E /* CopyFiles */ = {
			isa = PBXCopyFilesBuildPhase;
			buildActionMask = 2147483647;
			dstPath = /usr/share/man/man1/;
			dstSubfolderSpec = 0;
			files = (
			);
			runOnlyForDeploymentPostprocessing = 1;
		};
/* End PBXCopyFilesBuildPhase section */

/* Begin PBXFileReference section */
		C93831EF1DF59C480014548E /* Homework2 */ = {isa = PBXFileReference; explicitFileType = "compiled.mach-o.executable"; includeInIndex = 0; path = Homework2; sourceTree = BUILT_PRODUCTS_DIR; };
		C93831F21DF59C480014548E /* main.c */ = {isa = PBXFileReference; lastKnownFileType = sourcecode.c.c; path = main.c; sourceTree = "<group>"; };
		C96D5E541E019CF300C204D1 /* LatticeNode.c */ = {isa = PBXFileReference; fileEncoding = 4; lastKnownFileType = sourcecode.c.c; path = LatticeNode.c; sourceTree = "<group>"; };
		C96D5E551E019CF300C204D1 /* LatticeNode.h */ = {isa = PBXFileReference; fileEncoding = 4; lastKnownFileType = sourcecode.c.h; path = LatticeNode.h; sourceTree = "<group>"; };
		C96D5E571E019D6B00C204D1 /* SimpleCubicLattice.c */ = {isa = PBXFileReference; fileEncoding = 4; lastKnownFileType = sourcecode.c.c; path = SimpleCubicLattice.c; sourceTree = "<group>"; };
		C96D5E581E019D6B00C204D1 /* SimpleCubicLattice.h */ = {isa = PBXFileReference; fileEncoding = 4; lastKnownFileType = sourcecode.c.h; path = SimpleCubicLattice.h; sourceTree = "<group>"; };
		C96D5E5A1E019E1C00C204D1 /* BodyCenteredCubicLattice.c */ = {isa = PBXFileReference; fileEncoding = 4; lastKnownFileType = sourcecode.c.c; path = BodyCenteredCubicLattice.c; sourceTree = "<group>"; };
		C96D5E5B1E019E1C00C204D1 /* BodyCenteredCubicLattice.h */ = {isa = PBXFileReference; fileEncoding = 4; lastKnownFileType = sourcecode.c.h; path = BodyCenteredCubicLattice.h; sourceTree = "<group>"; };
		C96D5E5D1E01DD5100C204D1 /* BodyCenteredCubicLatticeRandom.c */ = {isa = PBXFileReference; fileEncoding = 4; lastKnownFileType = sourcecode.c.c; path = BodyCenteredCubicLatticeRandom.c; sourceTree = "<group>"; };
		C96D5E5E1E01DD5100C204D1 /* BodyCenteredCubicLatticeRandom.h */ = {isa = PBXFileReference; fileEncoding = 4; lastKnownFileType = sourcecode.c.h; path = BodyCenteredCubicLatticeRandom.h; sourceTree = "<group>"; };
		C96D5E631E01F18700C204D1 /* statistical_util.c */ = {isa = PBXFileReference; fileEncoding = 4; lastKnownFileType = sourcecode.c.c; path = statistical_util.c; sourceTree = "<group>"; };
		C96D5E641E01F18700C204D1 /* statistical_util.h */ = {isa = PBXFileReference; fileEncoding = 4; lastKnownFileType = sourcecode.c.h; path = statistical_util.h; sourceTree = "<group>"; };
		C96D5E661E01F1F300C204D1 /* metropolis.c */ = {isa = PBXFileReference; fileEncoding = 4; lastKnownFileType = sourcecode.c.c; path = metropolis.c; sourceTree = "<group>"; };
		C96D5E671E01F1F300C204D1 /* metropolis.h */ = {isa = PBXFileReference; fileEncoding = 4; lastKnownFileType = sourcecode.c.h; path = metropolis.h; sourceTree = "<group>"; };
/* End PBXFileReference section */

/* Begin PBXFrameworksBuildPhase section */
		C93831EC1DF59C480014548E /* Frameworks */ = {
			isa = PBXFrameworksBuildPhase;
			buildActionMask = 2147483647;
			files = (
			);
			runOnlyForDeploymentPostprocessing = 0;
		};
/* End PBXFrameworksBuildPhase section */

/* Begin PBXGroup section */
		C93831E61DF59C480014548E = {
			isa = PBXGroup;
			children = (
				C93831F11DF59C480014548E /* Homework2 */,
				C93831F01DF59C480014548E /* Products */,
			);
			sourceTree = "<group>";
		};
		C93831F01DF59C480014548E /* Products */ = {
			isa = PBXGroup;
			children = (
				C93831EF1DF59C480014548E /* Homework2 */,
			);
			name = Products;
			sourceTree = "<group>";
		};
		C93831F11DF59C480014548E /* Homework2 */ = {
			isa = PBXGroup;
			children = (
				C93831F21DF59C480014548E /* main.c */,
				C96D5E661E01F1F300C204D1 /* metropolis.c */,
				C96D5E671E01F1F300C204D1 /* metropolis.h */,
				C96D5E631E01F18700C204D1 /* statistical_util.c */,
				C96D5E641E01F18700C204D1 /* statistical_util.h */,
				C96D5E5D1E01DD5100C204D1 /* BodyCenteredCubicLatticeRandom.c */,
				C96D5E5E1E01DD5100C204D1 /* BodyCenteredCubicLatticeRandom.h */,
				C96D5E5A1E019E1C00C204D1 /* BodyCenteredCubicLattice.c */,
				C96D5E5B1E019E1C00C204D1 /* BodyCenteredCubicLattice.h */,
				C96D5E571E019D6B00C204D1 /* SimpleCubicLattice.c */,
				C96D5E581E019D6B00C204D1 /* SimpleCubicLattice.h */,
				C96D5E541E019CF300C204D1 /* LatticeNode.c */,
				C96D5E551E019CF300C204D1 /* LatticeNode.h */,
			);
			path = Homework2;
			sourceTree = "<group>";
		};
/* End PBXGroup section */

/* Begin PBXNativeTarget section */
		C93831EE1DF59C480014548E /* Homework2 */ = {
			isa = PBXNativeTarget;
			buildConfigurationList = C93831F61DF59C480014548E /* Build configuration list for PBXNativeTarget "Homework2" */;
			buildPhases = (
				C93831EB1DF59C480014548E /* Sources */,
				C93831EC1DF59C480014548E /* Frameworks */,
				C93831ED1DF59C480014548E /* CopyFiles */,
			);
			buildRules = (
			);
			dependencies = (
			);
			name = Homework2;
			productName = Homework2;
			productReference = C93831EF1DF59C480014548E /* Homework2 */;
			productType = "com.apple.product-type.tool";
		};
/* End PBXNativeTarget section */

/* Begin PBXProject section */
		C93831E71DF59C480014548E /* Project object */ = {
			isa = PBXProject;
			attributes = {
				LastUpgradeCheck = 0810;
				ORGANIZATIONNAME = "David Dagson";
				TargetAttributes = {
					C93831EE1DF59C480014548E = {
						CreatedOnToolsVersion = 8.1;
						ProvisioningStyle = Automatic;
					};
				};
			};
			buildConfigurationList = C93831EA1DF59C480014548E /* Build configuration list for PBXProject "Homework2" */;
			compatibilityVersion = "Xcode 3.2";
			developmentRegion = English;
			hasScannedForEncodings = 0;
			knownRegions = (
				en,
			);
			mainGroup = C93831E61DF59C480014548E;
			productRefGroup = C93831F01DF59C480014548E /* Products */;
			projectDirPath = "";
			projectRoot = "";
			targets = (
				C93831EE1DF59C480014548E /* Homework2 */,
			);
		};
/* End PBXProject section */

/* Begin PBXSourcesBuildPhase section */
		C93831EB1DF59C480014548E /* Sources */ = {
			isa = PBXSourcesBuildPhase;
			buildActionMask = 2147483647;
			files = (
				C96D5E561E019CF300C204D1 /* LatticeNode.c in Sources */,
				C93831F31DF59C480014548E /* main.c in Sources */,
				C96D5E5F1E01DD5100C204D1 /* BodyCenteredCubicLatticeRandom.c in Sources */,
				C96D5E681E01F1F300C204D1 /* metropolis.c in Sources */,
				C96D5E591E019D6B00C204D1 /* SimpleCubicLattice.c in Sources */,
				C96D5E5C1E019E1C00C204D1 /* BodyCenteredCubicLattice.c in Sources */,
				C96D5E651E01F18700C204D1 /* statistical_util.c in Sources */,
			);
			runOnlyForDeploymentPostprocessing = 0;
		};
/* End PBXSourcesBuildPhase section */

/* Begin XCBuildConfiguration section */
		C93831F41DF59C480014548E /* Debug */ = {
			isa = XCBuildConfiguration;
			buildSettings = {
				ALWAYS_SEARCH_USER_PATHS = NO;
				CLANG_ANALYZER_NONNULL = YES;
				CLANG_CXX_LANGUAGE_STANDARD = "gnu++0x";
				CLANG_CXX_LIBRARY = "libc++";
				CLANG_ENABLE_MODULES = YES;
				CLANG_ENABLE_OBJC_ARC = YES;
				CLANG_WARN_BOOL_CONVERSION = YES;
				CLANG_WARN_CONSTANT_CONVERSION = YES;
				CLANG_WARN_DIRECT_OBJC_ISA_USAGE = YES_ERROR;
				CLANG_WARN_DOCUMENTATION_COMMENTS = YES;
				CLANG_WARN_EMPTY_BODY = YES;
				CLANG_WARN_ENUM_CONVERSION = YES;
				CLANG_WARN_INFINITE_RECURSION = YES;
				CLANG_WARN_INT_CONVERSION = YES;
				CLANG_WARN_OBJC_ROOT_CLASS = YES_ERROR;
				CLANG_WARN_SUSPICIOUS_MOVES = YES;
				CLANG_WARN_UNREACHABLE_CODE = YES;
				CLANG_WARN__DUPLICATE_METHOD_MATCH = YES;
				CODE_SIGN_IDENTITY = "-";
				COPY_PHASE_STRIP = NO;
				DEBUG_INFORMATION_FORMAT = dwarf;
				ENABLE_STRICT_OBJC_MSGSEND = YES;
				ENABLE_TESTABILITY = YES;
				GCC_C_LANGUAGE_STANDARD = gnu99;
				GCC_DYNAMIC_NO_PIC = NO;
				GCC_NO_COMMON_BLOCKS = YES;
				GCC_OPTIMIZATION_LEVEL = 0;
				GCC_PREPROCESSOR_DEFINITIONS = (
					"DEBUG=1",
					"$(inherited)",
				);
				GCC_WARN_64_TO_32_BIT_CONVERSION = YES;
				GCC_WARN_ABOUT_RETURN_TYPE = YES_ERROR;
				GCC_WARN_UNDECLARED_SELECTOR = YES;
				GCC_WARN_UNINITIALIZED_AUTOS = YES_AGGRESSIVE;
				GCC_WARN_UNUSED_FUNCTION = YES;
				GCC_WARN_UNUSED_VARIABLE = YES;
				MACOSX_DEPLOYMENT_TARGET = 10.12;
				MTL_ENABLE_DEBUG_INFO = YES;
				ONLY_ACTIVE_ARCH = YES;
				SDKROOT = macosx;
			};
			name = Debug;
		};
		C93831F51DF59C480014548E /* Release */ = {
			isa = XCBuildConfiguration;
			buildSettings = {
				ALWAYS_SEARCH_USER_PATHS = NO;
				CLANG_ANALYZER_NONNULL = YES;
				CLANG_CXX_LANGUAGE_STANDARD = "gnu++0x";
				CLANG_CXX_LIBRARY = "libc++";
				CLANG_ENABLE_MODULES = YES;
				CLANG_ENABLE_OBJC_ARC = YES;
				CLANG_WARN_BOOL_CONVERSION = YES;
				CLANG_WARN_CONSTANT_CONVERSION = YES;
				CLANG_WARN_DIRECT_OBJC_ISA_USAGE = YES_ERROR;
				CLANG_WARN_DOCUMENTATION_COMMENTS = YES;
				CLANG_WARN_EMPTY_BODY = YES;
				CLANG_WARN_ENUM_CONVERSION = YES;
				CLANG_WARN_INFINITE_RECURSION = YES;
				CLANG_WARN_INT_CONVERSION = YES;
				CLANG_WARN_OBJC_ROOT_CLASS = YES_ERROR;
				CLANG_WARN_SUSPICIOUS_MOVES = YES;
				CLANG_WARN_UNREACHABLE_CODE = YES;
				CLANG_WARN__DUPLICATE_METHOD_MATCH = YES;
				CODE_SIGN_IDENTITY = "-";
				COPY_PHASE_STRIP = NO;
				DEBUG_INFORMATION_FORMAT = "dwarf-with-dsym";
				ENABLE_NS_ASSERTIONS = NO;
				ENABLE_STRICT_OBJC_MSGSEND = YES;
				GCC_C_LANGUAGE_STANDARD = gnu99;
				GCC_NO_COMMON_BLOCKS = YES;
				GCC_WARN_64_TO_32_BIT_CONVERSION = YES;
				GCC_WARN_ABOUT_RETURN_TYPE = YES_ERROR;
				GCC_WARN_UNDECLARED_SELECTOR = YES;
				GCC_WARN_UNINITIALIZED_AUTOS = YES_AGGRESSIVE;
				GCC_WARN_UNUSED_FUNCTION = YES;
				GCC_WARN_UNUSED_VARIABLE = YES;
				MACOSX_DEPLOYMENT_TARGET = 10.12;
				MTL_ENABLE_DEBUG_INFO = NO;
				SDKROOT = macosx;
			};
			name = Release;
		};
		C93831F71DF59C480014548E /* Debug */ = {
			isa = XCBuildConfiguration;
			buildSettings = {
				HEADER_SEARCH_PATHS = /usr/local/include;
				OTHER_LDFLAGS = (
					"-I/usr/local/include",
					"-L/usr/local/lib",
					"-lgsl",
					"-lgslcblas",
				);
				PRODUCT_NAME = "$(TARGET_NAME)";
			};
			name = Debug;
		};
		C93831F81DF59C480014548E /* Release */ = {
			isa = XCBuildConfiguration;
			buildSettings = {
				HEADER_SEARCH_PATHS = /usr/local/include;
				OTHER_LDFLAGS = (
					"-I/usr/local/include",
					"-L/usr/local/lib",
					"-lgsl",
					"-lgslcblas",
				);
				PRODUCT_NAME = "$(TARGET_NAME)";
			};
			name = Release;
		};
/* End XCBuildConfiguration section */

/* Begin XCConfigurationList section */
		C93831EA1DF59C480014548E /* Build configuration list for PBXProject "Homework2" */ = {
			isa = XCConfigurationList;
			buildConfigurations = (
				C93831F41DF59C480014548E /* Debug */,
				C93831F51DF59C480014548E /* Release */,
			);
			defaultConfigurationIsVisible = 0;
			defaultConfigurationName = Release;
		};
		C93831F61DF59C480014548E /* Build configuration list for PBXNativeTarget "Homework2" */ = {
			isa = XCConfigurationList;
			buildConfigurations = (
				C93831F71DF59C480014548E /* Debug */,
				C93831F81DF59C480014548E /* Release */,
			);
			defaultConfigurationIsVisible = 0;
			defaultConfigurationName = Release;
		};
/* End XCConfigurationList section */
	};
	rootObject = C93831E71DF59C480014548E /* Project object */;
}
